
Microsoft Visual Studio Solution File, Format Version 12.00
# Visual Studio Version 16
VisualStudioVersion = 16.0.30204.135
MinimumVisualStudioVersion = 10.0.40219.1
Project("{FAE04EC0-301F-11D3-BF4B-00C04F79EFBC}") = "hospitalService", "hospitalService.csproj", "{72F69BBB-CBED-430D-A842-2552A16DCBC3}"
EndProject
Project("{FAE04EC0-301F-11D3-BF4B-00C04F79EFBC}") = "hospitalWeb", "..\MVCtest\hospitalWeb.csproj", "{49B743B3-8331-46D0-8F1C-B95CE31798A6}"
EndProject
Project("{FAE04EC0-301F-11D3-BF4B-00C04F79EFBC}") = "hospitalDTO", "..\hospitalDTO\hospitalDTO.csproj", "{AD1C798A-0C04-406E-ADF6-DE5785E5F8D4}"
EndProject
Global
	GlobalSection(SolutionConfigurationPlatforms) = preSolution
		Debug|Any CPU = Debug|Any CPU
		Release|Any CPU = Release|Any CPU
	EndGlobalSection
	GlobalSection(ProjectConfigurationPlatforms) = postSolution
		{72F69BBB-CBED-430D-A842-2552A16DCBC3}.Debug|Any CPU.ActiveCfg = Debug|Any CPU
		{72F69BBB-CBED-430D-A842-2552A16DCBC3}.Debug|Any CPU.Build.0 = Debug|Any CPU
		{72F69BBB-CBED-430D-A842-2552A16DCBC3}.Release|Any CPU.ActiveCfg = Release|Any CPU
		{72F69BBB-CBED-430D-A842-2552A16DCBC3}.Release|Any CPU.Build.0 = Release|Any CPU
		{49B743B3-8331-46D0-8F1C-B95CE31798A6}.Debug|Any CPU.ActiveCfg = Debug|Any CPU
		{49B743B3-8331-46D0-8F1C-B95CE31798A6}.Debug|Any CPU.Build.0 = Debug|Any CPU
		{49B743B3-8331-46D0-8F1C-B95CE31798A6}.Release|Any CPU.ActiveCfg = Release|Any CPU
		{49B743B3-8331-46D0-8F1C-B95CE31798A6}.Release|Any CPU.Build.0 = Release|Any CPU
		{AD1C798A-0C04-406E-ADF6-DE5785E5F8D4}.Debug|Any CPU.ActiveCfg = Debug|Any CPU
		{AD1C798A-0C04-406E-ADF6-DE5785E5F8D4}.Debug|Any CPU.Build.0 = Debug|Any CPU
		{AD1C798A-0C04-406E-ADF6-DE5785E5F8D4}.Release|Any CPU.ActiveCfg = Release|Any CPU
		{AD1C798A-0C04-406E-ADF6-DE5785E5F8D4}.Release|Any CPU.Build.0 = Release|Any CPU
	EndGlobalSection
	GlobalSection(SolutionProperties) = preSolution
		HideSolutionNode = FALSE
	EndGlobalSection
	GlobalSection(ExtensibilityGlobals) = postSolution
		SolutionGuid = {8F71AD84-7EA5-4A2F-805A-E09888BC80FB}
	EndGlobalSection
EndGlobal
